
Microsoft Visual Studio Solution File, Format Version 12.00
# Visual Studio Version 17
VisualStudioVersion = 17.6.33815.320
MinimumVisualStudioVersion = 10.0.40219.1
Project("{FAE04EC0-301F-11D3-BF4B-00C04F79EFBC}") = "DependencyInjectionInWPF", "DependencyInjectionInWPF\DependencyInjectionInWPF.csproj", "{90817A0B-FE63-4BBC-BA75-243E2498AD96}"
EndProject
Project("{FAE04EC0-301F-11D3-BF4B-00C04F79EFBC}") = "WpfLibrary", "WpfLibrary\WpfLibrary.csproj", "{68F851E5-2AE6-4686-AED4-D7D05175AB80}"
EndProject
Global
	GlobalSection(SolutionConfigurationPlatforms) = preSolution
		Debug|Any CPU = Debug|Any CPU
		Release|Any CPU = Release|Any CPU
	EndGlobalSection
	GlobalSection(ProjectConfigurationPlatforms) = postSolution
		{90817A0B-FE63-4BBC-BA75-243E2498AD96}.Debug|Any CPU.ActiveCfg = Debug|Any CPU
		{90817A0B-FE63-4BBC-BA75-243E2498AD96}.Debug|Any CPU.Build.0 = Debug|Any CPU
		{90817A0B-FE63-4BBC-BA75-243E2498AD96}.Release|Any CPU.ActiveCfg = Release|Any CPU
		{90817A0B-FE63-4BBC-BA75-243E2498AD96}.Release|Any CPU.Build.0 = Release|Any CPU
		{68F851E5-2AE6-4686-AED4-D7D05175AB80}.Debug|Any CPU.ActiveCfg = Debug|Any CPU
		{68F851E5-2AE6-4686-AED4-D7D05175AB80}.Debug|Any CPU.Build.0 = Debug|Any CPU
		{68F851E5-2AE6-4686-AED4-D7D05175AB80}.Release|Any CPU.ActiveCfg = Release|Any CPU
		{68F851E5-2AE6-4686-AED4-D7D05175AB80}.Release|Any CPU.Build.0 = Release|Any CPU
	EndGlobalSection
	GlobalSection(SolutionProperties) = preSolution
		HideSolutionNode = FALSE
	EndGlobalSection
	GlobalSection(ExtensibilityGlobals) = postSolution
		SolutionGuid = {15076790-5F82-4727-A931-8A4A5A66B527}
	EndGlobalSection
EndGlobal
